
Microsoft Visual Studio Solution File, Format Version 12.00
Project("{FAE04EC0-301F-11D3-BF4B-00C04F79EFBC}") = "ConsoleAppCSharp9", "ConsoleAppCSharp9\ConsoleAppCSharp9.csproj", "{90F31F2F-A874-4A6B-AFC6-29DCDA44D382}"
EndProject
Project("{FAE04EC0-301F-11D3-BF4B-00C04F79EFBC}") = "ConsoleAppCSharp10", "ConsoleAppCSharp10\ConsoleAppCSharp10.csproj", "{2E58B029-08E1-4743-8CEF-E1985CC33CC7}"
EndProject
Global
	GlobalSection(SolutionConfigurationPlatforms) = preSolution
		Debug|Any CPU = Debug|Any CPU
		Release|Any CPU = Release|Any CPU
	EndGlobalSection
	GlobalSection(ProjectConfigurationPlatforms) = postSolution
		{90F31F2F-A874-4A6B-AFC6-29DCDA44D382}.Debug|Any CPU.ActiveCfg = Debug|Any CPU
		{90F31F2F-A874-4A6B-AFC6-29DCDA44D382}.Debug|Any CPU.Build.0 = Debug|Any CPU
		{90F31F2F-A874-4A6B-AFC6-29DCDA44D382}.Release|Any CPU.ActiveCfg = Release|Any CPU
		{90F31F2F-A874-4A6B-AFC6-29DCDA44D382}.Release|Any CPU.Build.0 = Release|Any CPU
		{2E58B029-08E1-4743-8CEF-E1985CC33CC7}.Debug|Any CPU.ActiveCfg = Debug|Any CPU
		{2E58B029-08E1-4743-8CEF-E1985CC33CC7}.Debug|Any CPU.Build.0 = Debug|Any CPU
		{2E58B029-08E1-4743-8CEF-E1985CC33CC7}.Release|Any CPU.ActiveCfg = Release|Any CPU
		{2E58B029-08E1-4743-8CEF-E1985CC33CC7}.Release|Any CPU.Build.0 = Release|Any CPU
	EndGlobalSection
EndGlobal
